// !$*UTF8*$!
{
	archiveVersion = 1;
	classes = {
	};
	objectVersion = 46;
	objects = {

/* Begin PBXBuildFile section */
		AA03E4561F1AD04400CBA9EF /* DashboardTabBarController.swift in Sources */ = {isa = PBXBuildFile; fileRef = AA03E4551F1AD04400CBA9EF /* DashboardTabBarController.swift */; };
		AA44E3D51F1895C5007B296D /* StartViewController.swift in Sources */ = {isa = PBXBuildFile; fileRef = AA44E3D41F1895C5007B296D /* StartViewController.swift */; };
		AA9DBE8E1F18B89B004F1BB0 /* Oblique.ttf in Resources */ = {isa = PBXBuildFile; fileRef = AA9DBE8A1F18B89B004F1BB0 /* Oblique.ttf */; };
		AA9DBE8F1F18B89B004F1BB0 /* Medium.ttf in Resources */ = {isa = PBXBuildFile; fileRef = AA9DBE8B1F18B89B004F1BB0 /* Medium.ttf */; };
		AA9DBE901F18B89B004F1BB0 /* Black.ttf in Resources */ = {isa = PBXBuildFile; fileRef = AA9DBE8C1F18B89B004F1BB0 /* Black.ttf */; };
		AA9DBE911F18B89B004F1BB0 /* Bold.ttf in Resources */ = {isa = PBXBuildFile; fileRef = AA9DBE8D1F18B89B004F1BB0 /* Bold.ttf */; };
		AAB7814D1F198D2900A962EC /* LoginViewController.swift in Sources */ = {isa = PBXBuildFile; fileRef = AAB7814C1F198D2900A962EC /* LoginViewController.swift */; };
		AADEBE241F186D23003A33CC /* AppDelegate.swift in Sources */ = {isa = PBXBuildFile; fileRef = AADEBE231F186D23003A33CC /* AppDelegate.swift */; };
		AADEBE261F186D23003A33CC /* WelcomeViewController.swift in Sources */ = {isa = PBXBuildFile; fileRef = AADEBE251F186D23003A33CC /* WelcomeViewController.swift */; };
		AADEBE2B1F186D23003A33CC /* Assets.xcassets in Resources */ = {isa = PBXBuildFile; fileRef = AADEBE2A1F186D23003A33CC /* Assets.xcassets */; };
		AAE93B2D1F1991E8000CBBAA /* HomeViewController.swift in Sources */ = {isa = PBXBuildFile; fileRef = AAE93B2C1F1991E8000CBBAA /* HomeViewController.swift */; };
		AAFC64631F1F74B800A008AC /* DiscoverViewController.swift in Sources */ = {isa = PBXBuildFile; fileRef = AAFC64621F1F74B800A008AC /* DiscoverViewController.swift */; };
/* End PBXBuildFile section */

/* Begin PBXFileReference section */
		AA03E4551F1AD04400CBA9EF /* DashboardTabBarController.swift */ = {isa = PBXFileReference; lastKnownFileType = sourcecode.swift; path = DashboardTabBarController.swift; sourceTree = "<group>"; };
		AA44E3D41F1895C5007B296D /* StartViewController.swift */ = {isa = PBXFileReference; lastKnownFileType = sourcecode.swift; path = StartViewController.swift; sourceTree = "<group>"; };
		AA9DBE8A1F18B89B004F1BB0 /* Oblique.ttf */ = {isa = PBXFileReference; lastKnownFileType = file; name = Oblique.ttf; path = "../../Downloads/download-2/Oblique.ttf"; sourceTree = "<group>"; };
		AA9DBE8B1F18B89B004F1BB0 /* Medium.ttf */ = {isa = PBXFileReference; lastKnownFileType = file; name = Medium.ttf; path = "../../Downloads/download-2/Medium.ttf"; sourceTree = "<group>"; };
		AA9DBE8C1F18B89B004F1BB0 /* Black.ttf */ = {isa = PBXFileReference; lastKnownFileType = file; name = Black.ttf; path = "../../Downloads/download-2/Black.ttf"; sourceTree = "<group>"; };
		AA9DBE8D1F18B89B004F1BB0 /* Bold.ttf */ = {isa = PBXFileReference; lastKnownFileType = file; name = Bold.ttf; path = "../../Downloads/download-2/Bold.ttf"; sourceTree = "<group>"; };
		AAB7814C1F198D2900A962EC /* LoginViewController.swift */ = {isa = PBXFileReference; fileEncoding = 4; lastKnownFileType = sourcecode.swift; path = LoginViewController.swift; sourceTree = "<group>"; };
		AADEBE201F186D23003A33CC /* PushBase.app */ = {isa = PBXFileReference; explicitFileType = wrapper.application; includeInIndex = 0; path = PushBase.app; sourceTree = BUILT_PRODUCTS_DIR; };
		AADEBE231F186D23003A33CC /* AppDelegate.swift */ = {isa = PBXFileReference; lastKnownFileType = sourcecode.swift; path = AppDelegate.swift; sourceTree = "<group>"; };
		AADEBE251F186D23003A33CC /* WelcomeViewController.swift */ = {isa = PBXFileReference; lastKnownFileType = sourcecode.swift; path = WelcomeViewController.swift; sourceTree = "<group>"; };
		AADEBE2A1F186D23003A33CC /* Assets.xcassets */ = {isa = PBXFileReference; lastKnownFileType = folder.assetcatalog; path = Assets.xcassets; sourceTree = "<group>"; };
		AADEBE2F1F186D23003A33CC /* Info.plist */ = {isa = PBXFileReference; lastKnownFileType = text.plist.xml; path = Info.plist; sourceTree = "<group>"; };
		AAE93B2C1F1991E8000CBBAA /* HomeViewController.swift */ = {isa = PBXFileReference; lastKnownFileType = sourcecode.swift; path = HomeViewController.swift; sourceTree = "<group>"; };
		AAFC64621F1F74B800A008AC /* DiscoverViewController.swift */ = {isa = PBXFileReference; lastKnownFileType = sourcecode.swift; path = DiscoverViewController.swift; sourceTree = "<group>"; };
/* End PBXFileReference section */

/* Begin PBXFrameworksBuildPhase section */
		AADEBE1D1F186D23003A33CC /* Frameworks */ = {
			isa = PBXFrameworksBuildPhase;
			buildActionMask = 2147483647;
			files = (
			);
			runOnlyForDeploymentPostprocessing = 0;
		};
/* End PBXFrameworksBuildPhase section */

/* Begin PBXGroup section */
		AADEBE171F186D23003A33CC = {
			isa = PBXGroup;
			children = (
				AADEBE221F186D23003A33CC /* PushBase */,
				AADEBE211F186D23003A33CC /* Products */,
				AA9DBE8C1F18B89B004F1BB0 /* Black.ttf */,
				AA9DBE8D1F18B89B004F1BB0 /* Bold.ttf */,
				AA9DBE8A1F18B89B004F1BB0 /* Oblique.ttf */,
				AA9DBE8B1F18B89B004F1BB0 /* Medium.ttf */,
			);
			sourceTree = "<group>";
		};
		AADEBE211F186D23003A33CC /* Products */ = {
			isa = PBXGroup;
			children = (
				AADEBE201F186D23003A33CC /* PushBase.app */,
			);
			name = Products;
			sourceTree = "<group>";
		};
		AADEBE221F186D23003A33CC /* PushBase */ = {
			isa = PBXGroup;
			children = (
				AADEBE2A1F186D23003A33CC /* Assets.xcassets */,
				AADEBE231F186D23003A33CC /* AppDelegate.swift */,
				AADEBE251F186D23003A33CC /* WelcomeViewController.swift */,
				AADEBE2F1F186D23003A33CC /* Info.plist */,
				AA44E3D41F1895C5007B296D /* StartViewController.swift */,
				AAB7814C1F198D2900A962EC /* LoginViewController.swift */,
				AAE93B2C1F1991E8000CBBAA /* HomeViewController.swift */,
				AA03E4551F1AD04400CBA9EF /* DashboardTabBarController.swift */,
				AAFC64621F1F74B800A008AC /* DiscoverViewController.swift */,
			);
			path = PushBase;
			sourceTree = "<group>";
		};
/* End PBXGroup section */

/* Begin PBXNativeTarget section */
		AADEBE1F1F186D23003A33CC /* PushBase */ = {
			isa = PBXNativeTarget;
			buildConfigurationList = AADEBE321F186D23003A33CC /* Build configuration list for PBXNativeTarget "PushBase" */;
			buildPhases = (
				AADEBE1C1F186D23003A33CC /* Sources */,
				AADEBE1D1F186D23003A33CC /* Frameworks */,
				AADEBE1E1F186D23003A33CC /* Resources */,
			);
			buildRules = (
			);
			dependencies = (
			);
			name = PushBase;
			productName = PushBase;
			productReference = AADEBE201F186D23003A33CC /* PushBase.app */;
			productType = "com.apple.product-type.application";
		};
/* End PBXNativeTarget section */

/* Begin PBXProject section */
		AADEBE181F186D23003A33CC /* Project object */ = {
			isa = PBXProject;
			attributes = {
				LastSwiftUpdateCheck = 0830;
				LastUpgradeCheck = 0900;
				ORGANIZATIONNAME = "Tyler Furby";
				TargetAttributes = {
					AADEBE1F1F186D23003A33CC = {
						CreatedOnToolsVersion = 8.3.3;
						DevelopmentTeam = 2KKBAP635S;
						LastSwiftMigration = 0900;
						ProvisioningStyle = Automatic;
					};
				};
			};
			buildConfigurationList = AADEBE1B1F186D23003A33CC /* Build configuration list for PBXProject "PushBase" */;
			compatibilityVersion = "Xcode 3.2";
			developmentRegion = English;
			hasScannedForEncodings = 0;
			knownRegions = (
				en,
				Base,
			);
			mainGroup = AADEBE171F186D23003A33CC;
			productRefGroup = AADEBE211F186D23003A33CC /* Products */;
			projectDirPath = "";
			projectRoot = "";
			targets = (
				AADEBE1F1F186D23003A33CC /* PushBase */,
			);
		};
/* End PBXProject section */

/* Begin PBXResourcesBuildPhase section */
		AADEBE1E1F186D23003A33CC /* Resources */ = {
			isa = PBXResourcesBuildPhase;
			buildActionMask = 2147483647;
			files = (
				AA9DBE8E1F18B89B004F1BB0 /* Oblique.ttf in Resources */,
				AA9DBE901F18B89B004F1BB0 /* Black.ttf in Resources */,
				AA9DBE911F18B89B004F1BB0 /* Bold.ttf in Resources */,
				AA9DBE8F1F18B89B004F1BB0 /* Medium.ttf in Resources */,
				AADEBE2B1F186D23003A33CC /* Assets.xcassets in Resources */,
			);
			runOnlyForDeploymentPostprocessing = 0;
		};
/* End PBXResourcesBuildPhase section */

/* Begin PBXSourcesBuildPhase section */
		AADEBE1C1F186D23003A33CC /* Sources */ = {
			isa = PBXSourcesBuildPhase;
			buildActionMask = 2147483647;
			files = (
				AAE93B2D1F1991E8000CBBAA /* HomeViewController.swift in Sources */,
				AAB7814D1F198D2900A962EC /* LoginViewController.swift in Sources */,
				AAFC64631F1F74B800A008AC /* DiscoverViewController.swift in Sources */,
				AADEBE261F186D23003A33CC /* WelcomeViewController.swift in Sources */,
				AADEBE241F186D23003A33CC /* AppDelegate.swift in Sources */,
				AA03E4561F1AD04400CBA9EF /* DashboardTabBarController.swift in Sources */,
				AA44E3D51F1895C5007B296D /* StartViewController.swift in Sources */,
			);
			runOnlyForDeploymentPostprocessing = 0;
		};
/* End PBXSourcesBuildPhase section */

/* Begin XCBuildConfiguration section */
		AADEBE301F186D23003A33CC /* Debug */ = {
			isa = XCBuildConfiguration;
			buildSettings = {
				ALWAYS_SEARCH_USER_PATHS = NO;
				CLANG_ANALYZER_NONNULL = YES;
				CLANG_ANALYZER_NUMBER_OBJECT_CONVERSION = YES_AGGRESSIVE;
				CLANG_CXX_LANGUAGE_STANDARD = "gnu++0x";
				CLANG_CXX_LIBRARY = "libc++";
				CLANG_ENABLE_MODULES = YES;
				CLANG_ENABLE_OBJC_ARC = YES;
				CLANG_WARN_BLOCK_CAPTURE_AUTORELEASING = YES;
				CLANG_WARN_BOOL_CONVERSION = YES;
				CLANG_WARN_COMMA = YES;
				CLANG_WARN_CONSTANT_CONVERSION = YES;
				CLANG_WARN_DIRECT_OBJC_ISA_USAGE = YES_ERROR;
				CLANG_WARN_DOCUMENTATION_COMMENTS = YES;
				CLANG_WARN_EMPTY_BODY = YES;
				CLANG_WARN_ENUM_CONVERSION = YES;
				CLANG_WARN_INFINITE_RECURSION = YES;
				CLANG_WARN_INT_CONVERSION = YES;
				CLANG_WARN_NON_LITERAL_NULL_CONVERSION = YES;
				CLANG_WARN_OBJC_LITERAL_CONVERSION = YES;
				CLANG_WARN_OBJC_ROOT_CLASS = YES_ERROR;
				CLANG_WARN_RANGE_LOOP_ANALYSIS = YES;
				CLANG_WARN_STRICT_PROTOTYPES = YES;
				CLANG_WARN_SUSPICIOUS_MOVE = YES;
				CLANG_WARN_UNREACHABLE_CODE = YES;
				CLANG_WARN__DUPLICATE_METHOD_MATCH = YES;
				"CODE_SIGN_IDENTITY[sdk=iphoneos*]" = "iPhone Developer";
				COPY_PHASE_STRIP = NO;
				DEBUG_INFORMATION_FORMAT = dwarf;
				ENABLE_STRICT_OBJC_MSGSEND = YES;
				ENABLE_TESTABILITY = YES;
				GCC_C_LANGUAGE_STANDARD = gnu99;
				GCC_DYNAMIC_NO_PIC = NO;
				GCC_NO_COMMON_BLOCKS = YES;
				GCC_OPTIMIZATION_LEVEL = 0;
				GCC_PREPROCESSOR_DEFINITIONS = (
					"DEBUG=1",
					"$(inherited)",
				);
				GCC_WARN_64_TO_32_BIT_CONVERSION = YES;
				GCC_WARN_ABOUT_RETURN_TYPE = YES_ERROR;
				GCC_WARN_UNDECLARED_SELECTOR = YES;
				GCC_WARN_UNINITIALIZED_AUTOS = YES_AGGRESSIVE;
				GCC_WARN_UNUSED_FUNCTION = YES;
				GCC_WARN_UNUSED_VARIABLE = YES;
				IPHONEOS_DEPLOYMENT_TARGET = 10.3;
				MTL_ENABLE_DEBUG_INFO = YES;
				ONLY_ACTIVE_ARCH = YES;
				SDKROOT = iphoneos;
				SWIFT_ACTIVE_COMPILATION_CONDITIONS = DEBUG;
				SWIFT_OPTIMIZATION_LEVEL = "-Onone";
				TARGETED_DEVICE_FAMILY = "1,2";
			};
			name = Debug;
		};
		AADEBE311F186D23003A33CC /* Release */ = {
			isa = XCBuildConfiguration;
			buildSettings = {
				ALWAYS_SEARCH_USER_PATHS = NO;
				CLANG_ANALYZER_NONNULL = YES;
				CLANG_ANALYZER_NUMBER_OBJECT_CONVERSION = YES_AGGRESSIVE;
				CLANG_CXX_LANGUAGE_STANDARD = "gnu++0x";
				CLANG_CXX_LIBRARY = "libc++";
				CLANG_ENABLE_MODULES = YES;
				CLANG_ENABLE_OBJC_ARC = YES;
				CLANG_WARN_BLOCK_CAPTURE_AUTORELEASING = YES;
				CLANG_WARN_BOOL_CONVERSION = YES;
				CLANG_WARN_COMMA = YES;
				CLANG_WARN_CONSTANT_CONVERSION = YES;
				CLANG_WARN_DIRECT_OBJC_ISA_USAGE = YES_ERROR;
				CLANG_WARN_DOCUMENTATION_COMMENTS = YES;
				CLANG_WARN_EMPTY_BODY = YES;
				CLANG_WARN_ENUM_CONVERSION = YES;
				CLANG_WARN_INFINITE_RECURSION = YES;
				CLANG_WARN_INT_CONVERSION = YES;
				CLANG_WARN_NON_LITERAL_NULL_CONVERSION = YES;
				CLANG_WARN_OBJC_LITERAL_CONVERSION = YES;
				CLANG_WARN_OBJC_ROOT_CLASS = YES_ERROR;
				CLANG_WARN_RANGE_LOOP_ANALYSIS = YES;
				CLANG_WARN_STRICT_PROTOTYPES = YES;
				CLANG_WARN_SUSPICIOUS_MOVE = YES;
				CLANG_WARN_UNREACHABLE_CODE = YES;
				CLANG_WARN__DUPLICATE_METHOD_MATCH = YES;
				"CODE_SIGN_IDENTITY[sdk=iphoneos*]" = "iPhone Developer";
				COPY_PHASE_STRIP = NO;
				DEBUG_INFORMATION_FORMAT = "dwarf-with-dsym";
				ENABLE_NS_ASSERTIONS = NO;
				ENABLE_STRICT_OBJC_MSGSEND = YES;
				GCC_C_LANGUAGE_STANDARD = gnu99;
				GCC_NO_COMMON_BLOCKS = YES;
				GCC_WARN_64_TO_32_BIT_CONVERSION = YES;
				GCC_WARN_ABOUT_RETURN_TYPE = YES_ERROR;
				GCC_WARN_UNDECLARED_SELECTOR = YES;
				GCC_WARN_UNINITIALIZED_AUTOS = YES_AGGRESSIVE;
				GCC_WARN_UNUSED_FUNCTION = YES;
				GCC_WARN_UNUSED_VARIABLE = YES;
				IPHONEOS_DEPLOYMENT_TARGET = 10.3;
				MTL_ENABLE_DEBUG_INFO = NO;
				SDKROOT = iphoneos;
				SWIFT_OPTIMIZATION_LEVEL = "-Owholemodule";
				TARGETED_DEVICE_FAMILY = "1,2";
				VALIDATE_PRODUCT = YES;
			};
			name = Release;
		};
		AADEBE331F186D23003A33CC /* Debug */ = {
			isa = XCBuildConfiguration;
			buildSettings = {
				ASSETCATALOG_COMPILER_APPICON_NAME = AppIcon;
				DEVELOPMENT_TEAM = 2KKBAP635S;
				INFOPLIST_FILE = PushBase/Info.plist;
				LD_RUNPATH_SEARCH_PATHS = "$(inherited) @executable_path/Frameworks";
				PRODUCT_BUNDLE_IDENTIFIER = pushbase.com.PushBase;
				PRODUCT_NAME = "$(TARGET_NAME)";
				SWIFT_SWIFT3_OBJC_INFERENCE = On;
				SWIFT_VERSION = 4.0;
			};
			name = Debug;
		};
		AADEBE341F186D23003A33CC /* Release */ = {
			isa = XCBuildConfiguration;
			buildSettings = {
				ASSETCATALOG_COMPILER_APPICON_NAME = AppIcon;
				DEVELOPMENT_TEAM = 2KKBAP635S;
				INFOPLIST_FILE = PushBase/Info.plist;
				LD_RUNPATH_SEARCH_PATHS = "$(inherited) @executable_path/Frameworks";
				PRODUCT_BUNDLE_IDENTIFIER = pushbase.com.PushBase;
				PRODUCT_NAME = "$(TARGET_NAME)";
				SWIFT_SWIFT3_OBJC_INFERENCE = On;
				SWIFT_VERSION = 4.0;
			};
			name = Release;
		};
/* End XCBuildConfiguration section */

/* Begin XCConfigurationList section */
		AADEBE1B1F186D23003A33CC /* Build configuration list for PBXProject "PushBase" */ = {
			isa = XCConfigurationList;
			buildConfigurations = (
				AADEBE301F186D23003A33CC /* Debug */,
				AADEBE311F186D23003A33CC /* Release */,
			);
			defaultConfigurationIsVisible = 0;
			defaultConfigurationName = Release;
		};
		AADEBE321F186D23003A33CC /* Build configuration list for PBXNativeTarget "PushBase" */ = {
			isa = XCConfigurationList;
			buildConfigurations = (
				AADEBE331F186D23003A33CC /* Debug */,
				AADEBE341F186D23003A33CC /* Release */,
			);
			defaultConfigurationIsVisible = 0;
			defaultConfigurationName = Release;
		};
/* End XCConfigurationList section */
	};
	rootObject = AADEBE181F186D23003A33CC /* Project object */;
}
